
Microsoft Visual Studio Solution File, Format Version 12.00
# Visual Studio Version 16
VisualStudioVersion = 16.0.31019.35
MinimumVisualStudioVersion = 10.0.40219.1
Project("{FAE04EC0-301F-11D3-BF4B-00C04F79EFBC}") = "ReferenceTypes", "ReferenceTypes\ReferenceTypes.csproj", "{380059A1-2C3C-4944-9304-2261FB2CD13F}"
EndProject
Project("{FAE04EC0-301F-11D3-BF4B-00C04F79EFBC}") = "ValueTypes", "ValueTypes\ValueTypes.csproj", "{1A22F0AB-8749-45EB-AE9A-35003499C5F6}"
EndProject
Project("{FAE04EC0-301F-11D3-BF4B-00C04F79EFBC}") = "Conditonals", "Conditonals\Conditonals.csproj", "{A0925127-23AA-4C3F-B4B5-15E87CAE2F08}"
EndProject
Global
	GlobalSection(SolutionConfigurationPlatforms) = preSolution
		Debug|Any CPU = Debug|Any CPU
		Release|Any CPU = Release|Any CPU
	EndGlobalSection
	GlobalSection(ProjectConfigurationPlatforms) = postSolution
		{380059A1-2C3C-4944-9304-2261FB2CD13F}.Debug|Any CPU.ActiveCfg = Debug|Any CPU
		{380059A1-2C3C-4944-9304-2261FB2CD13F}.Debug|Any CPU.Build.0 = Debug|Any CPU
		{380059A1-2C3C-4944-9304-2261FB2CD13F}.Release|Any CPU.ActiveCfg = Release|Any CPU
		{380059A1-2C3C-4944-9304-2261FB2CD13F}.Release|Any CPU.Build.0 = Release|Any CPU
		{1A22F0AB-8749-45EB-AE9A-35003499C5F6}.Debug|Any CPU.ActiveCfg = Debug|Any CPU
		{1A22F0AB-8749-45EB-AE9A-35003499C5F6}.Debug|Any CPU.Build.0 = Debug|Any CPU
		{1A22F0AB-8749-45EB-AE9A-35003499C5F6}.Release|Any CPU.ActiveCfg = Release|Any CPU
		{1A22F0AB-8749-45EB-AE9A-35003499C5F6}.Release|Any CPU.Build.0 = Release|Any CPU
		{A0925127-23AA-4C3F-B4B5-15E87CAE2F08}.Debug|Any CPU.ActiveCfg = Debug|Any CPU
		{A0925127-23AA-4C3F-B4B5-15E87CAE2F08}.Debug|Any CPU.Build.0 = Debug|Any CPU
		{A0925127-23AA-4C3F-B4B5-15E87CAE2F08}.Release|Any CPU.ActiveCfg = Release|Any CPU
		{A0925127-23AA-4C3F-B4B5-15E87CAE2F08}.Release|Any CPU.Build.0 = Release|Any CPU
	EndGlobalSection
	GlobalSection(SolutionProperties) = preSolution
		HideSolutionNode = FALSE
	EndGlobalSection
	GlobalSection(ExtensibilityGlobals) = postSolution
		SolutionGuid = {513A80D1-1D92-4887-A1FB-A48D1267F6FB}
	EndGlobalSection
EndGlobal
